<?xml version="1.0" encoding="utf-8"?>
<Project ToolsVersion="4.0" xmlns="http://schemas.microsoft.com/developer/msbuild/2003">
  <ItemGroup>
    <Filter Include="src">
      <UniqueIdentifier>{2DAB880B-99B4-887C-2230-9F7C8E38947C}</UniqueIdentifier>
    </Filter>
    <Filter Include="src\Platform">
      <UniqueIdentifier>{21CA02E5-0D2D-9289-B6B2-CA3FA2F45D0C}</UniqueIdentifier>
    </Filter>
    <Filter Include="src\Platform\OpenGL">
      <UniqueIdentifier>{35A49437-A105-7245-2A73-B8F796D3A804}</UniqueIdentifier>
    </Filter>
    <Filter Include="src\Platform\Window">
      <UniqueIdentifier>{E807C449-5469-A157-DDD6-E7094937D816}</UniqueIdentifier>
    </Filter>
    <Filter Include="src\Shadow">
      <UniqueIdentifier>{82E76A2E-6E9F-AC7B-D7A6-85D7C37D476C}</UniqueIdentifier>
    </Filter>
    <Filter Include="src\Shadow\Event">
      <UniqueIdentifier>{5382942C-3F7B-B37E-68AD-98035405938A}</UniqueIdentifier>
    </Filter>
    <Filter Include="src\Shadow\Layers">
      <UniqueIdentifier>{01B807CE-6DCE-0564-B645-9185229BD6EB}</UniqueIdentifier>
    </Filter>
    <Filter Include="src\Shadow\Renderer">
      <UniqueIdentifier>{68BD8712-D41E-6520-5D8C-ABD2C9EC9BDF}</UniqueIdentifier>
    </Filter>
    <Filter Include="src\Shadow\Resources">
      <UniqueIdentifier>{6CD72CFF-5866-B6C8-0185-CAC3EDF2C66E}</UniqueIdentifier>
    </Filter>
    <Filter Include="vendor">
      <UniqueIdentifier>{B3738122-9F15-ACF8-88D0-BF4C74113349}</UniqueIdentifier>
    </Filter>
    <Filter Include="vendor\pcg">
      <UniqueIdentifier>{9CC4C5A8-887C-07F6-F183-E051DD5AA2E6}</UniqueIdentifier>
    </Filter>
    <Filter Include="vendor\stb">
      <UniqueIdentifier>{8BD3C5A8-778B-07F6-E092-E051CC69A2E6}</UniqueIdentifier>
    </Filter>
  </ItemGroup>
  <ItemGroup>
    <ClInclude Include="src\Platform\OpenGL\OpenGLBuffer.h">
      <Filter>src\Platform\OpenGL</Filter>
    </ClInclude>
    <ClInclude Include="src\Platform\OpenGL\OpenGLDataType.h">
      <Filter>src\Platform\OpenGL</Filter>
    </ClInclude>
    <ClInclude Include="src\Platform\OpenGL\OpenGLProgram.h">
      <Filter>src\Platform\OpenGL</Filter>
    </ClInclude>
    <ClInclude Include="src\Platform\OpenGL\OpenGLRendererAPI.h">
      <Filter>src\Platform\OpenGL</Filter>
    </ClInclude>
    <ClInclude Include="src\Platform\OpenGL\OpenGLTexture.h">
      <Filter>src\Platform\OpenGL</Filter>
    </ClInclude>
    <ClInclude Include="src\Platform\OpenGL\OpenGLVertexArray.h">
      <Filter>src\Platform\OpenGL</Filter>
    </ClInclude>
    <ClInclude Include="src\Platform\Window\WindowWindows.h">
      <Filter>src\Platform\Window</Filter>
    </ClInclude>
    <ClInclude Include="src\Platform\Window\WindowsInput.h">
      <Filter>src\Platform\Window</Filter>
    </ClInclude>
    <ClInclude Include="src\Shadow.h">
      <Filter>src</Filter>
    </ClInclude>
    <ClInclude Include="src\Shadow\Application.h">
      <Filter>src\Shadow</Filter>
    </ClInclude>
    <ClInclude Include="src\Shadow\Core.h">
      <Filter>src\Shadow</Filter>
    </ClInclude>
    <ClInclude Include="src\Shadow\EntryPoint.h">
      <Filter>src\Shadow</Filter>
    </ClInclude>
    <ClInclude Include="src\Shadow\Event\Event.h">
      <Filter>src\Shadow\Event</Filter>
    </ClInclude>
    <ClInclude Include="src\Shadow\Event\EventApplication.h">
      <Filter>src\Shadow\Event</Filter>
    </ClInclude>
    <ClInclude Include="src\Shadow\Event\EventKey.h">
      <Filter>src\Shadow\Event</Filter>
    </ClInclude>
    <ClInclude Include="src\Shadow\Event\EventMouse.h">
      <Filter>src\Shadow\Event</Filter>
    </ClInclude>
    <ClInclude Include="src\Shadow\Input.h">
      <Filter>src\Shadow</Filter>
    </ClInclude>
    <ClInclude Include="src\Shadow\KeyCodes.h">
      <Filter>src\Shadow</Filter>
    </ClInclude>
    <ClInclude Include="src\Shadow\Layers\Layer.h">
      <Filter>src\Shadow\Layers</Filter>
    </ClInclude>
    <ClInclude Include="src\Shadow\Layers\LayerImGui.h">
      <Filter>src\Shadow\Layers</Filter>
    </ClInclude>
    <ClInclude Include="src\Shadow\Layers\LayerManager.h">
      <Filter>src\Shadow\Layers</Filter>
    </ClInclude>
    <ClInclude Include="src\Shadow\Layers\LayerRenderer.h">
      <Filter>src\Shadow\Layers</Filter>
    </ClInclude>
    <ClInclude Include="src\Shadow\Layers\LayerResourceManager.h">
      <Filter>src\Shadow\Layers</Filter>
    </ClInclude>
    <ClInclude Include="src\Shadow\Log.h">
      <Filter>src\Shadow</Filter>
    </ClInclude>
    <ClInclude Include="src\Shadow\MouseButtonCodes.h">
      <Filter>src\Shadow</Filter>
    </ClInclude>
    <ClInclude Include="src\Shadow\Random.h">
      <Filter>src\Shadow</Filter>
    </ClInclude>
    <ClInclude Include="src\Shadow\Renderer\Buffer.h">
      <Filter>src\Shadow\Renderer</Filter>
    </ClInclude>
    <ClInclude Include="src\Shadow\Renderer\Camera.h">
      <Filter>src\Shadow\Renderer</Filter>
    </ClInclude>
    <ClInclude Include="src\Shadow\Renderer\RendererAPI.h">
      <Filter>src\Shadow\Renderer</Filter>
    </ClInclude>
    <ClInclude Include="src\Shadow\Renderer\ShaderData.h">
      <Filter>src\Shadow\Renderer</Filter>
    </ClInclude>
    <ClInclude Include="src\Shadow\Renderer\VertexArray.h">
      <Filter>src\Shadow\Renderer</Filter>
    </ClInclude>
    <ClInclude Include="src\Shadow\Resources\Resource.h">
      <Filter>src\Shadow\Resources</Filter>
    </ClInclude>
    <ClInclude Include="src\Shadow\Resources\ResourceCubemap.h">
      <Filter>src\Shadow\Resources</Filter>
    </ClInclude>
    <ClInclude Include="src\Shadow\Resources\ResourceMaterial.h">
      <Filter>src\Shadow\Resources</Filter>
    </ClInclude>
    <ClInclude Include="src\Shadow\Resources\ResourceMesh.h">
      <Filter>src\Shadow\Resources</Filter>
    </ClInclude>
    <ClInclude Include="src\Shadow\Resources\ResourceModel.h">
      <Filter>src\Shadow\Resources</Filter>
    </ClInclude>
    <ClInclude Include="src\Shadow\Resources\ResourceProgram.h">
      <Filter>src\Shadow\Resources</Filter>
    </ClInclude>
    <ClInclude Include="src\Shadow\Resources\ResourceTexture.h">
      <Filter>src\Shadow\Resources</Filter>
    </ClInclude>
    <ClInclude Include="src\Shadow\Window.h">
      <Filter>src\Shadow</Filter>
    </ClInclude>
    <ClInclude Include="src\swpch.h">
      <Filter>src</Filter>
    </ClInclude>
    <ClInclude Include="vendor\pcg\pcg_extras.hpp">
      <Filter>vendor\pcg</Filter>
    </ClInclude>
    <ClInclude Include="vendor\pcg\pcg_random.hpp">
      <Filter>vendor\pcg</Filter>
    </ClInclude>
    <ClInclude Include="vendor\pcg\pcg_uint128.hpp">
      <Filter>vendor\pcg</Filter>
    </ClInclude>
    <ClInclude Include="vendor\stb\stb_image.h">
      <Filter>vendor\stb</Filter>
    </ClInclude>
    <ClInclude Include="src\Shadow\Layers\LayerMaterialEditor.h" />
    <ClInclude Include="src\Shadow\Nodes\Node.h" />
  </ItemGroup>
  <ItemGroup>
    <ClCompile Include="src\Platform\OpenGL\OpenGLBuffer.cpp">
      <Filter>src\Platform\OpenGL</Filter>
    </ClCompile>
    <ClCompile Include="src\Platform\OpenGL\OpenGLDataType.cpp">
      <Filter>src\Platform\OpenGL</Filter>
    </ClCompile>
    <ClCompile Include="src\Platform\OpenGL\OpenGLProgram.cpp">
      <Filter>src\Platform\OpenGL</Filter>
    </ClCompile>
    <ClCompile Include="src\Platform\OpenGL\OpenGLRendererAPI.cpp">
      <Filter>src\Platform\OpenGL</Filter>
    </ClCompile>
    <ClCompile Include="src\Platform\OpenGL\OpenGLTexture.cpp">
      <Filter>src\Platform\OpenGL</Filter>
    </ClCompile>
    <ClCompile Include="src\Platform\OpenGL\OpenGLVertexArray.cpp">
      <Filter>src\Platform\OpenGL</Filter>
    </ClCompile>
    <ClCompile Include="src\Platform\Window\WindowWindows.cpp">
      <Filter>src\Platform\Window</Filter>
    </ClCompile>
    <ClCompile Include="src\Platform\Window\WindowsInput.cpp">
      <Filter>src\Platform\Window</Filter>
    </ClCompile>
    <ClCompile Include="src\Shadow\Application.cpp">
      <Filter>src\Shadow</Filter>
    </ClCompile>
    <ClCompile Include="src\Shadow\ImGuiBuild.cpp">
      <Filter>src\Shadow</Filter>
    </ClCompile>
    <ClCompile Include="src\Shadow\Layers\Layer.cpp">
      <Filter>src\Shadow\Layers</Filter>
    </ClCompile>
    <ClCompile Include="src\Shadow\Layers\LayerImGui.cpp">
      <Filter>src\Shadow\Layers</Filter>
    </ClCompile>
    <ClCompile Include="src\Shadow\Layers\LayerManager.cpp">
      <Filter>src\Shadow\Layers</Filter>
    </ClCompile>
    <ClCompile Include="src\Shadow\Layers\LayerRenderer.cpp">
      <Filter>src\Shadow\Layers</Filter>
    </ClCompile>
    <ClCompile Include="src\Shadow\Layers\LayerResourceManager.cpp">
      <Filter>src\Shadow\Layers</Filter>
    </ClCompile>
    <ClCompile Include="src\Shadow\Log.cpp">
      <Filter>src\Shadow</Filter>
    </ClCompile>
    <ClCompile Include="src\Shadow\Random.cpp">
      <Filter>src\Shadow</Filter>
    </ClCompile>
    <ClCompile Include="src\Shadow\Renderer\Buffer.cpp">
      <Filter>src\Shadow\Renderer</Filter>
    </ClCompile>
    <ClCompile Include="src\Shadow\Renderer\Camera.cpp">
      <Filter>src\Shadow\Renderer</Filter>
    </ClCompile>
    <ClCompile Include="src\Shadow\Renderer\RendererAPI.cpp">
      <Filter>src\Shadow\Renderer</Filter>
    </ClCompile>
    <ClCompile Include="src\Shadow\Renderer\ShaderData.cpp">
      <Filter>src\Shadow\Renderer</Filter>
    </ClCompile>
    <ClCompile Include="src\Shadow\Renderer\VertexArray.cpp">
      <Filter>src\Shadow\Renderer</Filter>
    </ClCompile>
    <ClCompile Include="src\Shadow\Resources\ResourceCubemap.cpp">
      <Filter>src\Shadow\Resources</Filter>
    </ClCompile>
    <ClCompile Include="src\Shadow\Resources\ResourceMaterial.cpp">
      <Filter>src\Shadow\Resources</Filter>
    </ClCompile>
    <ClCompile Include="src\Shadow\Resources\ResourceMesh.cpp">
      <Filter>src\Shadow\Resources</Filter>
    </ClCompile>
    <ClCompile Include="src\Shadow\Resources\ResourceModel.cpp">
      <Filter>src\Shadow\Resources</Filter>
    </ClCompile>
    <ClCompile Include="src\Shadow\Resources\ResourceProgram.cpp">
      <Filter>src\Shadow\Resources</Filter>
    </ClCompile>
    <ClCompile Include="src\Shadow\Resources\ResourceTexture.cpp">
      <Filter>src\Shadow\Resources</Filter>
    </ClCompile>
    <ClCompile Include="src\swpch.cpp">
      <Filter>src</Filter>
    </ClCompile>
    <ClCompile Include="vendor\stb\stb_image.cpp">
      <Filter>vendor\stb</Filter>
    </ClCompile>
    <ClCompile Include="src\Shadow\Layers\LayerMaterialEditor.cpp" />
  </ItemGroup>
</Project>