<?xml version="1.0" encoding="utf-8"?>
<Project ToolsVersion="4.0" xmlns="http://schemas.microsoft.com/developer/msbuild/2003">
  <ItemGroup>
    <Filter Include="Shadow">
      <UniqueIdentifier>{4B0E0CD1-37B0-36A7-206B-4AFB0CACBDF7}</UniqueIdentifier>
    </Filter>
    <Filter Include="Shadow\Event">
      <UniqueIdentifier>{DCDB7319-C83E-03BE-71C4-3B745D06CF40}</UniqueIdentifier>
    </Filter>
    <Filter Include="Shadow\Layers">
      <UniqueIdentifier>{AA42D256-1603-4E8D-DF3D-970A4BBD9269}</UniqueIdentifier>
    </Filter>
    <Filter Include="Shadow\Platform">
      <UniqueIdentifier>{FF8E421D-6B1A-B0E1-742B-33D6E0350CE2}</UniqueIdentifier>
    </Filter>
    <Filter Include="Shadow\Platform\OpenGL">
      <UniqueIdentifier>{5383061B-3F7D-2F6D-28EA-C57D148395D9}</UniqueIdentifier>
    </Filter>
    <Filter Include="Shadow\Platform\Window">
      <UniqueIdentifier>{06E7352D-F2E0-5E7F-DB4D-F58FC7E6C4EB}</UniqueIdentifier>
    </Filter>
    <Filter Include="Shadow\Renderer">
      <UniqueIdentifier>{51961FF8-BD21-8DBC-C632-10B1323DE9BC}</UniqueIdentifier>
    </Filter>
    <Filter Include="Shadow\Resources">
      <UniqueIdentifier>{75CDBF97-61C6-DEE9-8AF8-C36E7650BEF5}</UniqueIdentifier>
    </Filter>
  </ItemGroup>
  <ItemGroup>
    <ClInclude Include="src\Shadow.h" />
    <ClInclude Include="src\Shadow\Application.h">
      <Filter>Shadow</Filter>
    </ClInclude>
    <ClInclude Include="src\Shadow\Core.h">
      <Filter>Shadow</Filter>
    </ClInclude>
    <ClInclude Include="src\Shadow\EntryPoint.h">
      <Filter>Shadow</Filter>
    </ClInclude>
    <ClInclude Include="src\Shadow\Event\Event.h">
      <Filter>Shadow\Event</Filter>
    </ClInclude>
    <ClInclude Include="src\Shadow\Event\EventApplication.h">
      <Filter>Shadow\Event</Filter>
    </ClInclude>
    <ClInclude Include="src\Shadow\Event\EventKey.h">
      <Filter>Shadow\Event</Filter>
    </ClInclude>
    <ClInclude Include="src\Shadow\Event\EventMouse.h">
      <Filter>Shadow\Event</Filter>
    </ClInclude>
    <ClInclude Include="src\Shadow\Input.h">
      <Filter>Shadow</Filter>
    </ClInclude>
    <ClInclude Include="src\Shadow\KeyCodes.h">
      <Filter>Shadow</Filter>
    </ClInclude>
    <ClInclude Include="src\Shadow\Layers\Layer.h">
      <Filter>Shadow\Layers</Filter>
    </ClInclude>
    <ClInclude Include="src\Shadow\Layers\LayerImGui.h">
      <Filter>Shadow\Layers</Filter>
    </ClInclude>
    <ClInclude Include="src\Shadow\Layers\LayerManager.h">
      <Filter>Shadow\Layers</Filter>
    </ClInclude>
    <ClInclude Include="src\Shadow\Layers\LayerRenderer.h">
      <Filter>Shadow\Layers</Filter>
    </ClInclude>
    <ClInclude Include="src\Shadow\Layers\LayerResourceManager.h">
      <Filter>Shadow\Layers</Filter>
    </ClInclude>
    <ClInclude Include="src\Shadow\Log.h">
      <Filter>Shadow</Filter>
    </ClInclude>
    <ClInclude Include="src\Shadow\MouseButtonCodes.h">
      <Filter>Shadow</Filter>
    </ClInclude>
    <ClInclude Include="src\Platform\OpenGL\OpenGLBuffer.h">
      <Filter>Shadow\Platform\OpenGL</Filter>
    </ClInclude>
    <ClInclude Include="src\Platform\Window\WindowWindows.h">
      <Filter>Shadow\Platform\Window</Filter>
    </ClInclude>
    <ClInclude Include="src\Platform\Window\WindowsInput.h">
      <Filter>Shadow\Platform\Window</Filter>
    </ClInclude>
    <ClInclude Include="src\Shadow\Renderer\Buffer.h">
      <Filter>Shadow\Renderer</Filter>
    </ClInclude>
    <ClInclude Include="src\Shadow\Resources\Resource.h">
      <Filter>Shadow\Resources</Filter>
    </ClInclude>
    <ClInclude Include="src\Shadow\Resources\ResourceModel.h">
      <Filter>Shadow\Resources</Filter>
    </ClInclude>
    <ClInclude Include="src\Shadow\Resources\ResourceProgram.h">
      <Filter>Shadow\Resources</Filter>
    </ClInclude>
    <ClInclude Include="src\Shadow\Window.h">
      <Filter>Shadow</Filter>
    </ClInclude>
    <ClInclude Include="src\swpch.h" />
    <ClInclude Include="src\Shadow\Renderer\ResourceMesh.h">
      <Filter>Shadow\Resources</Filter>
    </ClInclude>
    <ClInclude Include="src\Shadow\Renderer\VertexArray.h">
      <Filter>Shadow\Renderer</Filter>
    </ClInclude>
    <ClInclude Include="src\Platform\OpenGL\OpenGLVertexArray.h">
      <Filter>Shadow\Platform\OpenGL</Filter>
    </ClInclude>
    <ClInclude Include="src\Shadow\Renderer\RendererAPI.h" />
    <ClInclude Include="src\Platform\OpenGL\OpenGLRendererAPI.h" />
    <ClInclude Include="src\Shadow\Renderer\Camera.h" />
  </ItemGroup>
  <ItemGroup>
    <ClCompile Include="src\Shadow\Application.cpp">
      <Filter>Shadow</Filter>
    </ClCompile>
    <ClCompile Include="src\Shadow\ImGuiBuild.cpp">
      <Filter>Shadow</Filter>
    </ClCompile>
    <ClCompile Include="src\Shadow\Layers\Layer.cpp">
      <Filter>Shadow\Layers</Filter>
    </ClCompile>
    <ClCompile Include="src\Shadow\Layers\LayerImGui.cpp">
      <Filter>Shadow\Layers</Filter>
    </ClCompile>
    <ClCompile Include="src\Shadow\Layers\LayerManager.cpp">
      <Filter>Shadow\Layers</Filter>
    </ClCompile>
    <ClCompile Include="src\Shadow\Layers\LayerRenderer.cpp">
      <Filter>Shadow\Layers</Filter>
    </ClCompile>
    <ClCompile Include="src\Shadow\Layers\LayerResourceManager.cpp">
      <Filter>Shadow\Layers</Filter>
    </ClCompile>
    <ClCompile Include="src\Shadow\Log.cpp">
      <Filter>Shadow</Filter>
    </ClCompile>
    <ClCompile Include="src\Platform\OpenGL\OpenGLBuffer.cpp">
      <Filter>Shadow\Platform\OpenGL</Filter>
    </ClCompile>
    <ClCompile Include="src\Platform\Window\WindowWindows.cpp">
      <Filter>Shadow\Platform\Window</Filter>
    </ClCompile>
    <ClCompile Include="src\Platform\Window\WindowsInput.cpp">
      <Filter>Shadow\Platform\Window</Filter>
    </ClCompile>
    <ClCompile Include="src\Shadow\Renderer\Buffer.cpp">
      <Filter>Shadow\Renderer</Filter>
    </ClCompile>
    <ClCompile Include="src\Shadow\Resources\ResourceProgram.cpp">
      <Filter>Shadow\Resources</Filter>
    </ClCompile>
    <ClCompile Include="src\swpch.cpp" />
    <ClCompile Include="src\Shadow\Renderer\ResourceMesh.cpp">
      <Filter>Shadow\Resources</Filter>
    </ClCompile>
    <ClCompile Include="src\Shadow\Renderer\VertexArray.cpp">
      <Filter>Shadow\Renderer</Filter>
    </ClCompile>
    <ClCompile Include="src\Platform\OpenGL\OpenGLVertexArray.cpp">
      <Filter>Shadow\Platform\OpenGL</Filter>
    </ClCompile>
    <ClCompile Include="src\Shadow\Renderer\RendererAPI.cpp" />
    <ClCompile Include="src\Platform\OpenGL\OpenGLRendererAPI.cpp" />
    <ClCompile Include="src\Shadow\Renderer\Camera.cpp" />
  </ItemGroup>
</Project>